
Microsoft Visual Studio Solution File, Format Version 12.00
# Visual Studio Version 16
VisualStudioVersion = 16.0.31321.278
MinimumVisualStudioVersion = 10.0.40219.1
Project("{FAE04EC0-301F-11D3-BF4B-00C04F79EFBC}") = "FingerPrintAuth.Android", "FingerPrintAuth.Android\FingerPrintAuth.Android.csproj", "{9233E7E7-1A79-4F28-AEA6-76B20A64022D}"
EndProject
Project("{FAE04EC0-301F-11D3-BF4B-00C04F79EFBC}") = "FingerPrintAuth", "FingerPrintAuth\FingerPrintAuth.csproj", "{BB3C399A-BB8E-49BA-9878-9347EE53EFB5}"
EndProject
Project("{FAE04EC0-301F-11D3-BF4B-00C04F79EFBC}") = "FingerPrintAuth.iOS", "FingerPrintAuth.iOS\FingerPrintAuth.iOS.csproj", "{6987AE4C-E41D-4394-9144-D12D0AC82276}"
EndProject
Project("{FAE04EC0-301F-11D3-BF4B-00C04F79EFBC}") = "FingerPrintAuth.UWP", "FingerPrintAuth.UWP\FingerPrintAuth.UWP.csproj", "{A5655B7D-3439-4EEC-AEC2-15A60B664BD8}"
EndProject
Global
	GlobalSection(SolutionConfigurationPlatforms) = preSolution
		Debug|Any CPU = Debug|Any CPU
		Debug|ARM = Debug|ARM
		Debug|iPhone = Debug|iPhone
		Debug|iPhoneSimulator = Debug|iPhoneSimulator
		Debug|x64 = Debug|x64
		Debug|x86 = Debug|x86
		Release|Any CPU = Release|Any CPU
		Release|ARM = Release|ARM
		Release|iPhone = Release|iPhone
		Release|iPhoneSimulator = Release|iPhoneSimulator
		Release|x64 = Release|x64
		Release|x86 = Release|x86
	EndGlobalSection
	GlobalSection(ProjectConfigurationPlatforms) = postSolution
		{9233E7E7-1A79-4F28-AEA6-76B20A64022D}.Debug|Any CPU.ActiveCfg = Debug|Any CPU
		{9233E7E7-1A79-4F28-AEA6-76B20A64022D}.Debug|Any CPU.Build.0 = Debug|Any CPU
		{9233E7E7-1A79-4F28-AEA6-76B20A64022D}.Debug|Any CPU.Deploy.0 = Debug|Any CPU
		{9233E7E7-1A79-4F28-AEA6-76B20A64022D}.Debug|ARM.ActiveCfg = Debug|Any CPU
		{9233E7E7-1A79-4F28-AEA6-76B20A64022D}.Debug|ARM.Build.0 = Debug|Any CPU
		{9233E7E7-1A79-4F28-AEA6-76B20A64022D}.Debug|ARM.Deploy.0 = Debug|Any CPU
		{9233E7E7-1A79-4F28-AEA6-76B20A64022D}.Debug|iPhone.ActiveCfg = Debug|Any CPU
		{9233E7E7-1A79-4F28-AEA6-76B20A64022D}.Debug|iPhone.Build.0 = Debug|Any CPU
		{9233E7E7-1A79-4F28-AEA6-76B20A64022D}.Debug|iPhone.Deploy.0 = Debug|Any CPU
		{9233E7E7-1A79-4F28-AEA6-76B20A64022D}.Debug|iPhoneSimulator.ActiveCfg = Debug|Any CPU
		{9233E7E7-1A79-4F28-AEA6-76B20A64022D}.Debug|iPhoneSimulator.Build.0 = Debug|Any CPU
		{9233E7E7-1A79-4F28-AEA6-76B20A64022D}.Debug|iPhoneSimulator.Deploy.0 = Debug|Any CPU
		{9233E7E7-1A79-4F28-AEA6-76B20A64022D}.Debug|x64.ActiveCfg = Debug|Any CPU
		{9233E7E7-1A79-4F28-AEA6-76B20A64022D}.Debug|x64.Build.0 = Debug|Any CPU
		{9233E7E7-1A79-4F28-AEA6-76B20A64022D}.Debug|x64.Deploy.0 = Debug|Any CPU
		{9233E7E7-1A79-4F28-AEA6-76B20A64022D}.Debug|x86.ActiveCfg = Debug|Any CPU
		{9233E7E7-1A79-4F28-AEA6-76B20A64022D}.Debug|x86.Build.0 = Debug|Any CPU
		{9233E7E7-1A79-4F28-AEA6-76B20A64022D}.Debug|x86.Deploy.0 = Debug|Any CPU
		{9233E7E7-1A79-4F28-AEA6-76B20A64022D}.Release|Any CPU.ActiveCfg = Release|Any CPU
		{9233E7E7-1A79-4F28-AEA6-76B20A64022D}.Release|Any CPU.Build.0 = Release|Any CPU
		{9233E7E7-1A79-4F28-AEA6-76B20A64022D}.Release|Any CPU.Deploy.0 = Release|Any CPU
		{9233E7E7-1A79-4F28-AEA6-76B20A64022D}.Release|ARM.ActiveCfg = Release|Any CPU
		{9233E7E7-1A79-4F28-AEA6-76B20A64022D}.Release|ARM.Build.0 = Release|Any CPU
		{9233E7E7-1A79-4F28-AEA6-76B20A64022D}.Release|ARM.Deploy.0 = Release|Any CPU
		{9233E7E7-1A79-4F28-AEA6-76B20A64022D}.Release|iPhone.ActiveCfg = Release|Any CPU
		{9233E7E7-1A79-4F28-AEA6-76B20A64022D}.Release|iPhone.Build.0 = Release|Any CPU
		{9233E7E7-1A79-4F28-AEA6-76B20A64022D}.Release|iPhone.Deploy.0 = Release|Any CPU
		{9233E7E7-1A79-4F28-AEA6-76B20A64022D}.Release|iPhoneSimulator.ActiveCfg = Release|Any CPU
		{9233E7E7-1A79-4F28-AEA6-76B20A64022D}.Release|iPhoneSimulator.Build.0 = Release|Any CPU
		{9233E7E7-1A79-4F28-AEA6-76B20A64022D}.Release|iPhoneSimulator.Deploy.0 = Release|Any CPU
		{9233E7E7-1A79-4F28-AEA6-76B20A64022D}.Release|x64.ActiveCfg = Release|Any CPU
		{9233E7E7-1A79-4F28-AEA6-76B20A64022D}.Release|x64.Build.0 = Release|Any CPU
		{9233E7E7-1A79-4F28-AEA6-76B20A64022D}.Release|x64.Deploy.0 = Release|Any CPU
		{9233E7E7-1A79-4F28-AEA6-76B20A64022D}.Release|x86.ActiveCfg = Release|Any CPU
		{9233E7E7-1A79-4F28-AEA6-76B20A64022D}.Release|x86.Build.0 = Release|Any CPU
		{9233E7E7-1A79-4F28-AEA6-76B20A64022D}.Release|x86.Deploy.0 = Release|Any CPU
		{BB3C399A-BB8E-49BA-9878-9347EE53EFB5}.Debug|Any CPU.ActiveCfg = Debug|Any CPU
		{BB3C399A-BB8E-49BA-9878-9347EE53EFB5}.Debug|Any CPU.Build.0 = Debug|Any CPU
		{BB3C399A-BB8E-49BA-9878-9347EE53EFB5}.Debug|Any CPU.Deploy.0 = Debug|Any CPU
		{BB3C399A-BB8E-49BA-9878-9347EE53EFB5}.Debug|ARM.ActiveCfg = Debug|Any CPU
		{BB3C399A-BB8E-49BA-9878-9347EE53EFB5}.Debug|ARM.Build.0 = Debug|Any CPU
		{BB3C399A-BB8E-49BA-9878-9347EE53EFB5}.Debug|ARM.Deploy.0 = Debug|Any CPU
		{BB3C399A-BB8E-49BA-9878-9347EE53EFB5}.Debug|iPhone.ActiveCfg = Debug|Any CPU
		{BB3C399A-BB8E-49BA-9878-9347EE53EFB5}.Debug|iPhone.Build.0 = Debug|Any CPU
		{BB3C399A-BB8E-49BA-9878-9347EE53EFB5}.Debug|iPhone.Deploy.0 = Debug|Any CPU
		{BB3C399A-BB8E-49BA-9878-9347EE53EFB5}.Debug|iPhoneSimulator.ActiveCfg = Debug|Any CPU
		{BB3C399A-BB8E-49BA-9878-9347EE53EFB5}.Debug|iPhoneSimulator.Build.0 = Debug|Any CPU
		{BB3C399A-BB8E-49BA-9878-9347EE53EFB5}.Debug|iPhoneSimulator.Deploy.0 = Debug|Any CPU
		{BB3C399A-BB8E-49BA-9878-9347EE53EFB5}.Debug|x64.ActiveCfg = Debug|Any CPU
		{BB3C399A-BB8E-49BA-9878-9347EE53EFB5}.Debug|x64.Build.0 = Debug|Any CPU
		{BB3C399A-BB8E-49BA-9878-9347EE53EFB5}.Debug|x64.Deploy.0 = Debug|Any CPU
		{BB3C399A-BB8E-49BA-9878-9347EE53EFB5}.Debug|x86.ActiveCfg = Debug|Any CPU
		{BB3C399A-BB8E-49BA-9878-9347EE53EFB5}.Debug|x86.Build.0 = Debug|Any CPU
		{BB3C399A-BB8E-49BA-9878-9347EE53EFB5}.Debug|x86.Deploy.0 = Debug|Any CPU
		{BB3C399A-BB8E-49BA-9878-9347EE53EFB5}.Release|Any CPU.ActiveCfg = Release|Any CPU
		{BB3C399A-BB8E-49BA-9878-9347EE53EFB5}.Release|Any CPU.Build.0 = Release|Any CPU
		{BB3C399A-BB8E-49BA-9878-9347EE53EFB5}.Release|Any CPU.Deploy.0 = Release|Any CPU
		{BB3C399A-BB8E-49BA-9878-9347EE53EFB5}.Release|ARM.ActiveCfg = Release|Any CPU
		{BB3C399A-BB8E-49BA-9878-9347EE53EFB5}.Release|ARM.Build.0 = Release|Any CPU
		{BB3C399A-BB8E-49BA-9878-9347EE53EFB5}.Release|ARM.Deploy.0 = Release|Any CPU
		{BB3C399A-BB8E-49BA-9878-9347EE53EFB5}.Release|iPhone.ActiveCfg = Release|Any CPU
		{BB3C399A-BB8E-49BA-9878-9347EE53EFB5}.Release|iPhone.Build.0 = Release|Any CPU
		{BB3C399A-BB8E-49BA-9878-9347EE53EFB5}.Release|iPhone.Deploy.0 = Release|Any CPU
		{BB3C399A-BB8E-49BA-9878-9347EE53EFB5}.Release|iPhoneSimulator.ActiveCfg = Release|Any CPU
		{BB3C399A-BB8E-49BA-9878-9347EE53EFB5}.Release|iPhoneSimulator.Build.0 = Release|Any CPU
		{BB3C399A-BB8E-49BA-9878-9347EE53EFB5}.Release|iPhoneSimulator.Deploy.0 = Release|Any CPU
		{BB3C399A-BB8E-49BA-9878-9347EE53EFB5}.Release|x64.ActiveCfg = Release|Any CPU
		{BB3C399A-BB8E-49BA-9878-9347EE53EFB5}.Release|x64.Build.0 = Release|Any CPU
		{BB3C399A-BB8E-49BA-9878-9347EE53EFB5}.Release|x64.Deploy.0 = Release|Any CPU
		{BB3C399A-BB8E-49BA-9878-9347EE53EFB5}.Release|x86.ActiveCfg = Release|Any CPU
		{BB3C399A-BB8E-49BA-9878-9347EE53EFB5}.Release|x86.Build.0 = Release|Any CPU
		{BB3C399A-BB8E-49BA-9878-9347EE53EFB5}.Release|x86.Deploy.0 = Release|Any CPU
		{6987AE4C-E41D-4394-9144-D12D0AC82276}.Debug|Any CPU.ActiveCfg = Debug|iPhoneSimulator
		{6987AE4C-E41D-4394-9144-D12D0AC82276}.Debug|ARM.ActiveCfg = Debug|iPhoneSimulator
		{6987AE4C-E41D-4394-9144-D12D0AC82276}.Debug|iPhone.ActiveCfg = Debug|iPhone
		{6987AE4C-E41D-4394-9144-D12D0AC82276}.Debug|iPhone.Build.0 = Debug|iPhone
		{6987AE4C-E41D-4394-9144-D12D0AC82276}.Debug|iPhoneSimulator.ActiveCfg = Debug|iPhoneSimulator
		{6987AE4C-E41D-4394-9144-D12D0AC82276}.Debug|iPhoneSimulator.Build.0 = Debug|iPhoneSimulator
		{6987AE4C-E41D-4394-9144-D12D0AC82276}.Debug|x64.ActiveCfg = Debug|iPhoneSimulator
		{6987AE4C-E41D-4394-9144-D12D0AC82276}.Debug|x86.ActiveCfg = Debug|iPhoneSimulator
		{6987AE4C-E41D-4394-9144-D12D0AC82276}.Release|Any CPU.ActiveCfg = Release|iPhoneSimulator
		{6987AE4C-E41D-4394-9144-D12D0AC82276}.Release|ARM.ActiveCfg = Release|iPhoneSimulator
		{6987AE4C-E41D-4394-9144-D12D0AC82276}.Release|iPhone.ActiveCfg = Release|iPhone
		{6987AE4C-E41D-4394-9144-D12D0AC82276}.Release|iPhone.Build.0 = Release|iPhone
		{6987AE4C-E41D-4394-9144-D12D0AC82276}.Release|iPhoneSimulator.ActiveCfg = Release|iPhoneSimulator
		{6987AE4C-E41D-4394-9144-D12D0AC82276}.Release|iPhoneSimulator.Build.0 = Release|iPhoneSimulator
		{6987AE4C-E41D-4394-9144-D12D0AC82276}.Release|x64.ActiveCfg = Release|iPhoneSimulator
		{6987AE4C-E41D-4394-9144-D12D0AC82276}.Release|x86.ActiveCfg = Release|iPhoneSimulator
		{A5655B7D-3439-4EEC-AEC2-15A60B664BD8}.Debug|Any CPU.ActiveCfg = Debug|x86
		{A5655B7D-3439-4EEC-AEC2-15A60B664BD8}.Debug|ARM.ActiveCfg = Debug|ARM
		{A5655B7D-3439-4EEC-AEC2-15A60B664BD8}.Debug|ARM.Build.0 = Debug|ARM
		{A5655B7D-3439-4EEC-AEC2-15A60B664BD8}.Debug|ARM.Deploy.0 = Debug|ARM
		{A5655B7D-3439-4EEC-AEC2-15A60B664BD8}.Debug|iPhone.ActiveCfg = Debug|x86
		{A5655B7D-3439-4EEC-AEC2-15A60B664BD8}.Debug|iPhoneSimulator.ActiveCfg = Debug|x86
		{A5655B7D-3439-4EEC-AEC2-15A60B664BD8}.Debug|x64.ActiveCfg = Debug|x64
		{A5655B7D-3439-4EEC-AEC2-15A60B664BD8}.Debug|x64.Build.0 = Debug|x64
		{A5655B7D-3439-4EEC-AEC2-15A60B664BD8}.Debug|x64.Deploy.0 = Debug|x64
		{A5655B7D-3439-4EEC-AEC2-15A60B664BD8}.Debug|x86.ActiveCfg = Debug|x86
		{A5655B7D-3439-4EEC-AEC2-15A60B664BD8}.Debug|x86.Build.0 = Debug|x86
		{A5655B7D-3439-4EEC-AEC2-15A60B664BD8}.Debug|x86.Deploy.0 = Debug|x86
		{A5655B7D-3439-4EEC-AEC2-15A60B664BD8}.Release|Any CPU.ActiveCfg = Release|x86
		{A5655B7D-3439-4EEC-AEC2-15A60B664BD8}.Release|ARM.ActiveCfg = Release|ARM
		{A5655B7D-3439-4EEC-AEC2-15A60B664BD8}.Release|ARM.Build.0 = Release|ARM
		{A5655B7D-3439-4EEC-AEC2-15A60B664BD8}.Release|ARM.Deploy.0 = Release|ARM
		{A5655B7D-3439-4EEC-AEC2-15A60B664BD8}.Release|iPhone.ActiveCfg = Release|x86
		{A5655B7D-3439-4EEC-AEC2-15A60B664BD8}.Release|iPhoneSimulator.ActiveCfg = Release|x86
		{A5655B7D-3439-4EEC-AEC2-15A60B664BD8}.Release|x64.ActiveCfg = Release|x64
		{A5655B7D-3439-4EEC-AEC2-15A60B664BD8}.Release|x64.Build.0 = Release|x64
		{A5655B7D-3439-4EEC-AEC2-15A60B664BD8}.Release|x64.Deploy.0 = Release|x64
		{A5655B7D-3439-4EEC-AEC2-15A60B664BD8}.Release|x86.ActiveCfg = Release|x86
		{A5655B7D-3439-4EEC-AEC2-15A60B664BD8}.Release|x86.Build.0 = Release|x86
		{A5655B7D-3439-4EEC-AEC2-15A60B664BD8}.Release|x86.Deploy.0 = Release|x86
	EndGlobalSection
	GlobalSection(SolutionProperties) = preSolution
		HideSolutionNode = FALSE
	EndGlobalSection
	GlobalSection(ExtensibilityGlobals) = postSolution
		SolutionGuid = {4649F8F5-A763-4395-961C-07ED436267C5}
	EndGlobalSection
EndGlobal
